
Microsoft Visual Studio Solution File, Format Version 12.00
# Visual Studio Version 17
VisualStudioVersion = 17.8.34511.84
MinimumVisualStudioVersion = 10.0.40219.1
Project("{FAE04EC0-301F-11D3-BF4B-00C04F79EFBC}") = "Calculator", "Calculator\Calculator.csproj", "{C2402DE8-1BFA-4F98-838F-5E6D584F38E5}"
EndProject
Global
	GlobalSection(SolutionConfigurationPlatforms) = preSolution
		Debug|Any CPU = Debug|Any CPU
		Release|Any CPU = Release|Any CPU
	EndGlobalSection
	GlobalSection(ProjectConfigurationPlatforms) = postSolution
		{C2402DE8-1BFA-4F98-838F-5E6D584F38E5}.Debug|Any CPU.ActiveCfg = Debug|Any CPU
		{C2402DE8-1BFA-4F98-838F-5E6D584F38E5}.Debug|Any CPU.Build.0 = Debug|Any CPU
		{C2402DE8-1BFA-4F98-838F-5E6D584F38E5}.Release|Any CPU.ActiveCfg = Release|Any CPU
		{C2402DE8-1BFA-4F98-838F-5E6D584F38E5}.Release|Any CPU.Build.0 = Release|Any CPU
	EndGlobalSection
	GlobalSection(SolutionProperties) = preSolution
		HideSolutionNode = FALSE
	EndGlobalSection
	GlobalSection(ExtensibilityGlobals) = postSolution
		SolutionGuid = {AC6FD396-94C3-4693-AFC5-8FCE98AAE81D}
	EndGlobalSection
EndGlobal
